Microsoft Visual Studio Solution File, Format Version 11.00
# Visual Studio 2008

Project("{63E77520-CF27-95D9-2991-5DEB578D469E}") = "Genetic Algorigthm", "Assembly-CSharp.csproj", "{86F4A4C2-7E20-E0DF-B43B-493BF9D60233}"
EndProject
Global
	GlobalSection(SolutionConfigurationPlatforms) = preSolution
		Debug|Any CPU = Debug|Any CPU
		Release|Any CPU = Release|Any CPU
	EndGlobalSection
	GlobalSection(ProjectConfigurationPlatforms) = postSolution
		{86F4A4C2-7E20-E0DF-B43B-493BF9D60233}.Debug|Any CPU.ActiveCfg = Debug|Any CPU
		{86F4A4C2-7E20-E0DF-B43B-493BF9D60233}.Debug|Any CPU.Build.0 = Debug|Any CPU
		{86F4A4C2-7E20-E0DF-B43B-493BF9D60233}.Release|Any CPU.ActiveCfg = Release|Any CPU
		{86F4A4C2-7E20-E0DF-B43B-493BF9D60233}.Release|Any CPU.Build.0 = Release|Any CPU
	EndGlobalSection
	GlobalSection(SolutionProperties) = preSolution
		HideSolutionNode = FALSE
	EndGlobalSection
	GlobalSection(MonoDevelopProperties) = preSolution
		StartupItem = Assembly-CSharp.csproj
	EndGlobalSection
EndGlobal
